PODS:
  - SDWebImage (5.15.5):
    - SDWebImage/Core (= 5.15.5)
  - SDWebImage/Core (5.15.5)
  - SnapKit (5.0.1)

DEPENDENCIES:
  - SDWebImage
  - SnapKit

SPEC REPOS:
  trunk:
    - SDWebImage
    - SnapKit

SPEC CHECKSUMS:
  SDWebImage: fd7e1a22f00303e058058278639bf6196ee431fe
  SnapKit: 97b92857e3df3a0c71833cce143274bf6ef8e5eb

PODFILE CHECKSUM: 1c5a0581b6f2eee7de6e72359d6edd08c408b5d6

COCOAPODS: 1.10.2
